
Microsoft Visual Studio Solution File, Format Version 12.00
# Visual Studio Version 17
VisualStudioVersion = 17.13.35825.156
MinimumVisualStudioVersion = 10.0.40219.1
Project("{FAE04EC0-301F-11D3-BF4B-00C04F79EFBC}") = "TWRTargeter", "RocketPartModuleExtension\TWRTargeter.csproj", "{F46C068A-E5A9-89D0-9984-5CA36D26750C}"
EndProject
Global
	GlobalSection(SolutionConfigurationPlatforms) = preSolution
		Debug|Any CPU = Debug|Any CPU
		Release|Any CPU = Release|Any CPU
	EndGlobalSection
	GlobalSection(ProjectConfigurationPlatforms) = postSolution
		{F46C068A-E5A9-89D0-9984-5CA36D26750C}.Debug|Any CPU.ActiveCfg = Debug|Any CPU
		{F46C068A-E5A9-89D0-9984-5CA36D26750C}.Debug|Any CPU.Build.0 = Debug|Any CPU
		{F46C068A-E5A9-89D0-9984-5CA36D26750C}.Release|Any CPU.ActiveCfg = Release|Any CPU
		{F46C068A-E5A9-89D0-9984-5CA36D26750C}.Release|Any CPU.Build.0 = Release|Any CPU
	EndGlobalSection
	GlobalSection(SolutionProperties) = preSolution
		HideSolutionNode = FALSE
	EndGlobalSection
	GlobalSection(ExtensibilityGlobals) = postSolution
		SolutionGuid = {403F7A8D-903D-4CC6-80FC-01487A565357}
	EndGlobalSection
EndGlobal
